
Microsoft Visual Studio Solution File, Format Version 12.00
# Visual Studio Version 17
VisualStudioVersion = 17.9.34714.143
MinimumVisualStudioVersion = 10.0.40219.1
Project("{2150E333-8FDC-42A3-9474-1A3956D46DE8}") = "src", "src", "{5C9DE821-40F4-4A1F-869E-3385AD609BCF}"
EndProject
Project("{2150E333-8FDC-42A3-9474-1A3956D46DE8}") = "test", "test", "{735BD48F-9376-4EE0-9B97-3E02C30F96CE}"
EndProject
Project("{2150E333-8FDC-42A3-9474-1A3956D46DE8}") = "API", "API", "{531F8770-7CD4-41F5-B804-1879BA7EEFC1}"
EndProject
Project("{2150E333-8FDC-42A3-9474-1A3956D46DE8}") = "Core", "Core", "{46777B20-1F30-4681-B66D-A39F9FCE277B}"
EndProject
Project("{2150E333-8FDC-42A3-9474-1A3956D46DE8}") = "Infrastructure", "Infrastructure", "{E87816E7-BF55-463B-8840-C864FF0B8B85}"
EndProject
Project("{2150E333-8FDC-42A3-9474-1A3956D46DE8}") = "UI", "UI", "{092CA968-1316-42A4-A3EB-97EF72A24790}"
EndProject
Project("{FAE04EC0-301F-11D3-BF4B-00C04F79EFBC}") = "HR_Management.Domain", "HR_Management.Domain\HR_Management.Domain.csproj", "{712C34C0-A2FC-4849-814F-BD74CEA2A1B1}"
EndProject
Project("{FAE04EC0-301F-11D3-BF4B-00C04F79EFBC}") = "HR_Management.Application", "HR_Management.Application\HR_Management.Application.csproj", "{A9319CB4-1EDC-4525-9B26-4EF152B71F31}"
EndProject
Global
	GlobalSection(SolutionConfigurationPlatforms) = preSolution
		Debug|Any CPU = Debug|Any CPU
		Release|Any CPU = Release|Any CPU
	EndGlobalSection
	GlobalSection(ProjectConfigurationPlatforms) = postSolution
		{712C34C0-A2FC-4849-814F-BD74CEA2A1B1}.Debug|Any CPU.ActiveCfg = Debug|Any CPU
		{712C34C0-A2FC-4849-814F-BD74CEA2A1B1}.Debug|Any CPU.Build.0 = Debug|Any CPU
		{712C34C0-A2FC-4849-814F-BD74CEA2A1B1}.Release|Any CPU.ActiveCfg = Release|Any CPU
		{712C34C0-A2FC-4849-814F-BD74CEA2A1B1}.Release|Any CPU.Build.0 = Release|Any CPU
		{A9319CB4-1EDC-4525-9B26-4EF152B71F31}.Debug|Any CPU.ActiveCfg = Debug|Any CPU
		{A9319CB4-1EDC-4525-9B26-4EF152B71F31}.Debug|Any CPU.Build.0 = Debug|Any CPU
		{A9319CB4-1EDC-4525-9B26-4EF152B71F31}.Release|Any CPU.ActiveCfg = Release|Any CPU
		{A9319CB4-1EDC-4525-9B26-4EF152B71F31}.Release|Any CPU.Build.0 = Release|Any CPU
	EndGlobalSection
	GlobalSection(SolutionProperties) = preSolution
		HideSolutionNode = FALSE
	EndGlobalSection
	GlobalSection(NestedProjects) = preSolution
		{531F8770-7CD4-41F5-B804-1879BA7EEFC1} = {5C9DE821-40F4-4A1F-869E-3385AD609BCF}
		{46777B20-1F30-4681-B66D-A39F9FCE277B} = {5C9DE821-40F4-4A1F-869E-3385AD609BCF}
		{E87816E7-BF55-463B-8840-C864FF0B8B85} = {5C9DE821-40F4-4A1F-869E-3385AD609BCF}
		{092CA968-1316-42A4-A3EB-97EF72A24790} = {5C9DE821-40F4-4A1F-869E-3385AD609BCF}
		{712C34C0-A2FC-4849-814F-BD74CEA2A1B1} = {46777B20-1F30-4681-B66D-A39F9FCE277B}
		{A9319CB4-1EDC-4525-9B26-4EF152B71F31} = {46777B20-1F30-4681-B66D-A39F9FCE277B}
	EndGlobalSection
	GlobalSection(ExtensibilityGlobals) = postSolution
		SolutionGuid = {D601EC9B-B4B9-4559-A26B-A16829CD9EE1}
	EndGlobalSection
EndGlobal
